// !$*UTF8*$!
{
	archiveVersion = 1;
	classes = {
	};
	objectVersion = 48;
	objects = {

/* Begin PBXBuildFile section */
		B35679041F3B8530005B14C0 /* AppDelegate.swift in Sources */ = {isa = PBXBuildFile; fileRef = B35679031F3B8530005B14C0 /* AppDelegate.swift */; };
		B356790B1F3B8530005B14C0 /* Assets.xcassets in Resources */ = {isa = PBXBuildFile; fileRef = B356790A1F3B8530005B14C0 /* Assets.xcassets */; };
		B35679181F3B862F005B14C0 /* ProductListTableViewController.swift in Sources */ = {isa = PBXBuildFile; fileRef = B35679171F3B862F005B14C0 /* ProductListTableViewController.swift */; };
		B356791F1F3B8B58005B14C0 /* UIColor+CustomizeColor.swift in Sources */ = {isa = PBXBuildFile; fileRef = B356791E1F3B8B58005B14C0 /* UIColor+CustomizeColor.swift */; };
		B35679211F3B8E78005B14C0 /* ProductItem.swift in Sources */ = {isa = PBXBuildFile; fileRef = B35679201F3B8E78005B14C0 /* ProductItem.swift */; };
		B356792B1F3B9A2B005B14C0 /* RatingView.swift in Sources */ = {isa = PBXBuildFile; fileRef = B356792A1F3B9A2B005B14C0 /* RatingView.swift */; };
		B356792D1F3B9B3E005B14C0 /* DeviceInfo.swift in Sources */ = {isa = PBXBuildFile; fileRef = B356792C1F3B9B3E005B14C0 /* DeviceInfo.swift */; };
		B356792F1F3B9C4A005B14C0 /* AutoLayoutService.swift in Sources */ = {isa = PBXBuildFile; fileRef = B356792E1F3B9C4A005B14C0 /* AutoLayoutService.swift */; };
		B3EDC8E81F3BA0740044E8E7 /* ProductListTableViewCell.swift in Sources */ = {isa = PBXBuildFile; fileRef = B3EDC8E61F3BA0740044E8E7 /* ProductListTableViewCell.swift */; };
		B3EDC8E91F3BA0740044E8E7 /* ProductListTableViewCell.xib in Resources */ = {isa = PBXBuildFile; fileRef = B3EDC8E71F3BA0740044E8E7 /* ProductListTableViewCell.xib */; };
		B3EDC8EB1F3BA0A00044E8E7 /* Launch Screen.storyboard in Resources */ = {isa = PBXBuildFile; fileRef = B3EDC8EA1F3BA0A00044E8E7 /* Launch Screen.storyboard */; };
		B3EDC8ED1F3BB0A00044E8E7 /* Request.swift in Sources */ = {isa = PBXBuildFile; fileRef = B3EDC8EC1F3BB0A00044E8E7 /* Request.swift */; };
		B3EDC8EF1F3BB2020044E8E7 /* RestClientProduct.swift in Sources */ = {isa = PBXBuildFile; fileRef = B3EDC8EE1F3BB2020044E8E7 /* RestClientProduct.swift */; };
		B3EDC8F11F3BB2320044E8E7 /* Constant.swift in Sources */ = {isa = PBXBuildFile; fileRef = B3EDC8F01F3BB2320044E8E7 /* Constant.swift */; };
		B3EDC8F31F3BC6800044E8E7 /* ImageService.swift in Sources */ = {isa = PBXBuildFile; fileRef = B3EDC8F21F3BC6800044E8E7 /* ImageService.swift */; };
		B3EDC8F91F3BDCE50044E8E7 /* LoadingTableViewCell.swift in Sources */ = {isa = PBXBuildFile; fileRef = B3EDC8F71F3BDCE50044E8E7 /* LoadingTableViewCell.swift */; };
		B3EDC8FA1F3BDCE50044E8E7 /* LoadingTableViewCell.xib in Resources */ = {isa = PBXBuildFile; fileRef = B3EDC8F81F3BDCE50044E8E7 /* LoadingTableViewCell.xib */; };
		B3EDC8FF1F3BECC30044E8E7 /* NavAnimator.swift in Sources */ = {isa = PBXBuildFile; fileRef = B3EDC8FE1F3BECC30044E8E7 /* NavAnimator.swift */; };
		B3EDC9081F3BF96B0044E8E7 /* ProductDetailTableViewController.swift in Sources */ = {isa = PBXBuildFile; fileRef = B3EDC9061F3BF96B0044E8E7 /* ProductDetailTableViewController.swift */; };
		B3EDC90B1F3BFE7A0044E8E7 /* ProductDetailPageViewController.swift in Sources */ = {isa = PBXBuildFile; fileRef = B3EDC90A1F3BFE7A0044E8E7 /* ProductDetailPageViewController.swift */; };
		B3EDC90E1F3C11E50044E8E7 /* ProductDetialTitleCell.swift in Sources */ = {isa = PBXBuildFile; fileRef = B3EDC90C1F3C11E50044E8E7 /* ProductDetialTitleCell.swift */; };
		B3EDC90F1F3C11E50044E8E7 /* ProductDetialTitleCell.xib in Resources */ = {isa = PBXBuildFile; fileRef = B3EDC90D1F3C11E50044E8E7 /* ProductDetialTitleCell.xib */; };
		B3EDC9131F3C18EA0044E8E7 /* ProductDetailPriceCell.swift in Sources */ = {isa = PBXBuildFile; fileRef = B3EDC9111F3C18EA0044E8E7 /* ProductDetailPriceCell.swift */; };
		B3EDC9141F3C18EA0044E8E7 /* ProductDetailPriceCell.xib in Resources */ = {isa = PBXBuildFile; fileRef = B3EDC9121F3C18EA0044E8E7 /* ProductDetailPriceCell.xib */; };
		B3EDC9181F3C1A1A0044E8E7 /* ProductDetailDescriptionCell.swift in Sources */ = {isa = PBXBuildFile; fileRef = B3EDC9161F3C1A1A0044E8E7 /* ProductDetailDescriptionCell.swift */; };
		B3EDC9191F3C1A1A0044E8E7 /* ProductDetailDescriptionCell.xib in Resources */ = {isa = PBXBuildFile; fileRef = B3EDC9171F3C1A1A0044E8E7 /* ProductDetailDescriptionCell.xib */; };
		B3EDC91D1F3C344A0044E8E7 /* ProductDetailImageCell.swift in Sources */ = {isa = PBXBuildFile; fileRef = B3EDC91B1F3C344A0044E8E7 /* ProductDetailImageCell.swift */; };
		B3EDC91E1F3C344A0044E8E7 /* ProductDetailImageCell.xib in Resources */ = {isa = PBXBuildFile; fileRef = B3EDC91C1F3C344A0044E8E7 /* ProductDetailImageCell.xib */; };
/* End PBXBuildFile section */

/* Begin PBXFileReference section */
		B35679001F3B8530005B14C0 /* SamsClub.app */ = {isa = PBXFileReference; explicitFileType = wrapper.application; includeInIndex = 0; path = SamsClub.app; sourceTree = BUILT_PRODUCTS_DIR; };
		B35679031F3B8530005B14C0 /* AppDelegate.swift */ = {isa = PBXFileReference; lastKnownFileType = sourcecode.swift; path = AppDelegate.swift; sourceTree = "<group>"; };
		B356790A1F3B8530005B14C0 /* Assets.xcassets */ = {isa = PBXFileReference; lastKnownFileType = folder.assetcatalog; path = Assets.xcassets; sourceTree = "<group>"; };
		B356790F1F3B8530005B14C0 /* Info.plist */ = {isa = PBXFileReference; lastKnownFileType = text.plist.xml; path = Info.plist; sourceTree = "<group>"; };
		B35679171F3B862F005B14C0 /* ProductListTableViewController.swift */ = {isa = PBXFileReference; lastKnownFileType = sourcecode.swift; path = ProductListTableViewController.swift; sourceTree = "<group>"; };
		B356791E1F3B8B58005B14C0 /* UIColor+CustomizeColor.swift */ = {isa = PBXFileReference; lastKnownFileType = sourcecode.swift; name = "UIColor+CustomizeColor.swift"; path = "../UIColor+CustomizeColor.swift"; sourceTree = "<group>"; };
		B35679201F3B8E78005B14C0 /* ProductItem.swift */ = {isa = PBXFileReference; lastKnownFileType = sourcecode.swift; path = ProductItem.swift; sourceTree = "<group>"; };
		B356792A1F3B9A2B005B14C0 /* RatingView.swift */ = {isa = PBXFileReference; lastKnownFileType = sourcecode.swift; path = RatingView.swift; sourceTree = "<group>"; };
		B356792C1F3B9B3E005B14C0 /* DeviceInfo.swift */ = {isa = PBXFileReference; lastKnownFileType = sourcecode.swift; path = DeviceInfo.swift; sourceTree = "<group>"; };
		B356792E1F3B9C4A005B14C0 /* AutoLayoutService.swift */ = {isa = PBXFileReference; lastKnownFileType = sourcecode.swift; name = AutoLayoutService.swift; path = ../AutoLayoutService.swift; sourceTree = "<group>"; };
		B3EDC8E61F3BA0740044E8E7 /* ProductListTableViewCell.swift */ = {isa = PBXFileReference; fileEncoding = 4; lastKnownFileType = sourcecode.swift; path = ProductListTableViewCell.swift; sourceTree = "<group>"; };
		B3EDC8E71F3BA0740044E8E7 /* ProductListTableViewCell.xib */ = {isa = PBXFileReference; fileEncoding = 4; lastKnownFileType = file.xib; path = ProductListTableViewCell.xib; sourceTree = "<group>"; };
		B3EDC8EA1F3BA0A00044E8E7 /* Launch Screen.storyboard */ = {isa = PBXFileReference; fileEncoding = 4; lastKnownFileType = file.storyboard; path = "Launch Screen.storyboard"; sourceTree = "<group>"; };
		B3EDC8EC1F3BB0A00044E8E7 /* Request.swift */ = {isa = PBXFileReference; fileEncoding = 4; lastKnownFileType = sourcecode.swift; path = Request.swift; sourceTree = "<group>"; };
		B3EDC8EE1F3BB2020044E8E7 /* RestClientProduct.swift */ = {isa = PBXFileReference; fileEncoding = 4; lastKnownFileType = sourcecode.swift; path = RestClientProduct.swift; sourceTree = "<group>"; };
		B3EDC8F01F3BB2320044E8E7 /* Constant.swift */ = {isa = PBXFileReference; fileEncoding = 4; lastKnownFileType = sourcecode.swift; name = Constant.swift; path = ../Constant.swift; sourceTree = "<group>"; };
		B3EDC8F21F3BC6800044E8E7 /* ImageService.swift */ = {isa = PBXFileReference; fileEncoding = 4; lastKnownFileType = sourcecode.swift; name = ImageService.swift; path = ../ImageService.swift; sourceTree = "<group>"; };
		B3EDC8F71F3BDCE50044E8E7 /* LoadingTableViewCell.swift */ = {isa = PBXFileReference; fileEncoding = 4; lastKnownFileType = sourcecode.swift; path = LoadingTableViewCell.swift; sourceTree = "<group>"; };
		B3EDC8F81F3BDCE50044E8E7 /* LoadingTableViewCell.xib */ = {isa = PBXFileReference; fileEncoding = 4; lastKnownFileType = file.xib; path = LoadingTableViewCell.xib; sourceTree = "<group>"; };
		B3EDC8FE1F3BECC30044E8E7 /* NavAnimator.swift */ = {isa = PBXFileReference; fileEncoding = 4; lastKnownFileType = sourcecode.swift; path = NavAnimator.swift; sourceTree = "<group>"; };
		B3EDC9061F3BF96B0044E8E7 /* ProductDetailTableViewController.swift */ = {isa = PBXFileReference; fileEncoding = 4; lastKnownFileType = sourcecode.swift; path = ProductDetailTableViewController.swift; sourceTree = "<group>"; };
		B3EDC90A1F3BFE7A0044E8E7 /* ProductDetailPageViewController.swift */ = {isa = PBXFileReference; fileEncoding = 4; lastKnownFileType = sourcecode.swift; path = ProductDetailPageViewController.swift; sourceTree = "<group>"; };
		B3EDC90C1F3C11E50044E8E7 /* ProductDetialTitleCell.swift */ = {isa = PBXFileReference; fileEncoding = 4; lastKnownFileType = sourcecode.swift; path = ProductDetialTitleCell.swift; sourceTree = "<group>"; };
		B3EDC90D1F3C11E50044E8E7 /* ProductDetialTitleCell.xib */ = {isa = PBXFileReference; fileEncoding = 4; lastKnownFileType = file.xib; path = ProductDetialTitleCell.xib; sourceTree = "<group>"; };
		B3EDC9111F3C18EA0044E8E7 /* ProductDetailPriceCell.swift */ = {isa = PBXFileReference; fileEncoding = 4; lastKnownFileType = sourcecode.swift; path = ProductDetailPriceCell.swift; sourceTree = "<group>"; };
		B3EDC9121F3C18EA0044E8E7 /* ProductDetailPriceCell.xib */ = {isa = PBXFileReference; fileEncoding = 4; lastKnownFileType = file.xib; path = ProductDetailPriceCell.xib; sourceTree = "<group>"; };
		B3EDC9161F3C1A1A0044E8E7 /* ProductDetailDescriptionCell.swift */ = {isa = PBXFileReference; fileEncoding = 4; lastKnownFileType = sourcecode.swift; path = ProductDetailDescriptionCell.swift; sourceTree = "<group>"; };
		B3EDC9171F3C1A1A0044E8E7 /* ProductDetailDescriptionCell.xib */ = {isa = PBXFileReference; fileEncoding = 4; lastKnownFileType = file.xib; path = ProductDetailDescriptionCell.xib; sourceTree = "<group>"; };
		B3EDC91B1F3C344A0044E8E7 /* ProductDetailImageCell.swift */ = {isa = PBXFileReference; fileEncoding = 4; lastKnownFileType = sourcecode.swift; path = ProductDetailImageCell.swift; sourceTree = "<group>"; };
		B3EDC91C1F3C344A0044E8E7 /* ProductDetailImageCell.xib */ = {isa = PBXFileReference; fileEncoding = 4; lastKnownFileType = file.xib; path = ProductDetailImageCell.xib; sourceTree = "<group>"; };
/* End PBXFileReference section */

/* Begin PBXFrameworksBuildPhase section */
		B35678FD1F3B8530005B14C0 /* Frameworks */ = {
			isa = PBXFrameworksBuildPhase;
			buildActionMask = 2147483647;
			files = (
			);
			runOnlyForDeploymentPostprocessing = 0;
		};
/* End PBXFrameworksBuildPhase section */

/* Begin PBXGroup section */
		B35678F71F3B8530005B14C0 = {
			isa = PBXGroup;
			children = (
				B35679021F3B8530005B14C0 /* SamsClub */,
				B35679011F3B8530005B14C0 /* Products */,
			);
			sourceTree = "<group>";
		};
		B35679011F3B8530005B14C0 /* Products */ = {
			isa = PBXGroup;
			children = (
				B35679001F3B8530005B14C0 /* SamsClub.app */,
			);
			name = Products;
			sourceTree = "<group>";
		};
		B35679021F3B8530005B14C0 /* SamsClub */ = {
			isa = PBXGroup;
			children = (
				B35679031F3B8530005B14C0 /* AppDelegate.swift */,
				B3EDC8F41F3BDA710044E8E7 /* Model */,
				B3EDC8F51F3BDAA70044E8E7 /* ProductList */,
				B356790F1F3B8530005B14C0 /* Info.plist */,
				B356791A1F3B8776005B14C0 /* Support */,
			);
			path = SamsClub;
			sourceTree = "<group>";
		};
		B356791A1F3B8776005B14C0 /* Support */ = {
			isa = PBXGroup;
			children = (
				B3EDC8F61F3BDABF0044E8E7 /* Service */,
				B356791E1F3B8B58005B14C0 /* UIColor+CustomizeColor.swift */,
				B356790A1F3B8530005B14C0 /* Assets.xcassets */,
				B3EDC8F01F3BB2320044E8E7 /* Constant.swift */,
				B356792C1F3B9B3E005B14C0 /* DeviceInfo.swift */,
				B3EDC8EA1F3BA0A00044E8E7 /* Launch Screen.storyboard */,
			);
			path = Support;
			sourceTree = "<group>";
		};
		B3EDC8F41F3BDA710044E8E7 /* Model */ = {
			isa = PBXGroup;
			children = (
				B3EDC8EC1F3BB0A00044E8E7 /* Request.swift */,
				B3EDC8EE1F3BB2020044E8E7 /* RestClientProduct.swift */,
			);
			name = Model;
			sourceTree = "<group>";
		};
		B3EDC8F51F3BDAA70044E8E7 /* ProductList */ = {
			isa = PBXGroup;
			children = (
				B35679171F3B862F005B14C0 /* ProductListTableViewController.swift */,
				B3EDC90A1F3BFE7A0044E8E7 /* ProductDetailPageViewController.swift */,
				B3EDC9061F3BF96B0044E8E7 /* ProductDetailTableViewController.swift */,
				B3EDC91F1F3C34500044E8E7 /* ProductDetailImageCell */,
				B3EDC91A1F3C1A240044E8E7 /* ProductDetailDescriptionCell */,
				B3EDC9151F3C18F10044E8E7 /* ProductDetailPriceCell */,
				B3EDC9101F3C11F40044E8E7 /* ProductDetialTitleCell */,
				B3EDC8FD1F3BEC7E0044E8E7 /* Animate */,
				B3EDC8FB1F3BDD680044E8E7 /* LoadingTableViewCell */,
				B3EDC8FC1F3BDD710044E8E7 /* ProductListTableViewCell */,
				B356792A1F3B9A2B005B14C0 /* RatingView.swift */,
				B35679201F3B8E78005B14C0 /* ProductItem.swift */,
			);
			name = ProductList;
			sourceTree = "<group>";
		};
		B3EDC8F61F3BDABF0044E8E7 /* Service */ = {
			isa = PBXGroup;
			children = (
				B3EDC8F21F3BC6800044E8E7 /* ImageService.swift */,
				B356792E1F3B9C4A005B14C0 /* AutoLayoutService.swift */,
			);
			name = Service;
			sourceTree = "<group>";
		};
		B3EDC8FB1F3BDD680044E8E7 /* LoadingTableViewCell */ = {
			isa = PBXGroup;
			children = (
				B3EDC8F71F3BDCE50044E8E7 /* LoadingTableViewCell.swift */,
				B3EDC8F81F3BDCE50044E8E7 /* LoadingTableViewCell.xib */,
			);
			name = LoadingTableViewCell;
			sourceTree = "<group>";
		};
		B3EDC8FC1F3BDD710044E8E7 /* ProductListTableViewCell */ = {
			isa = PBXGroup;
			children = (
				B3EDC8E61F3BA0740044E8E7 /* ProductListTableViewCell.swift */,
				B3EDC8E71F3BA0740044E8E7 /* ProductListTableViewCell.xib */,
			);
			name = ProductListTableViewCell;
			sourceTree = "<group>";
		};
		B3EDC8FD1F3BEC7E0044E8E7 /* Animate */ = {
			isa = PBXGroup;
			children = (
				B3EDC8FE1F3BECC30044E8E7 /* NavAnimator.swift */,
			);
			name = Animate;
			sourceTree = "<group>";
		};
		B3EDC9101F3C11F40044E8E7 /* ProductDetialTitleCell */ = {
			isa = PBXGroup;
			children = (
				B3EDC90C1F3C11E50044E8E7 /* ProductDetialTitleCell.swift */,
				B3EDC90D1F3C11E50044E8E7 /* ProductDetialTitleCell.xib */,
			);
			name = ProductDetialTitleCell;
			sourceTree = "<group>";
		};
		B3EDC9151F3C18F10044E8E7 /* ProductDetailPriceCell */ = {
			isa = PBXGroup;
			children = (
				B3EDC9111F3C18EA0044E8E7 /* ProductDetailPriceCell.swift */,
				B3EDC9121F3C18EA0044E8E7 /* ProductDetailPriceCell.xib */,
			);
			name = ProductDetailPriceCell;
			sourceTree = "<group>";
		};
		B3EDC91A1F3C1A240044E8E7 /* ProductDetailDescriptionCell */ = {
			isa = PBXGroup;
			children = (
				B3EDC9161F3C1A1A0044E8E7 /* ProductDetailDescriptionCell.swift */,
				B3EDC9171F3C1A1A0044E8E7 /* ProductDetailDescriptionCell.xib */,
			);
			name = ProductDetailDescriptionCell;
			sourceTree = "<group>";
		};
		B3EDC91F1F3C34500044E8E7 /* ProductDetailImageCell */ = {
			isa = PBXGroup;
			children = (
				B3EDC91B1F3C344A0044E8E7 /* ProductDetailImageCell.swift */,
				B3EDC91C1F3C344A0044E8E7 /* ProductDetailImageCell.xib */,
			);
			name = ProductDetailImageCell;
			sourceTree = "<group>";
		};
/* End PBXGroup section */

/* Begin PBXNativeTarget section */
		B35678FF1F3B8530005B14C0 /* SamsClub */ = {
			isa = PBXNativeTarget;
			buildConfigurationList = B35679121F3B8530005B14C0 /* Build configuration list for PBXNativeTarget "SamsClub" */;
			buildPhases = (
				B35678FC1F3B8530005B14C0 /* Sources */,
				B35678FD1F3B8530005B14C0 /* Frameworks */,
				B35678FE1F3B8530005B14C0 /* Resources */,
			);
			buildRules = (
			);
			dependencies = (
			);
			name = SamsClub;
			productName = SamsClub;
			productReference = B35679001F3B8530005B14C0 /* SamsClub.app */;
			productType = "com.apple.product-type.application";
		};
/* End PBXNativeTarget section */

/* Begin PBXProject section */
		B35678F81F3B8530005B14C0 /* Project object */ = {
			isa = PBXProject;
			attributes = {
				LastSwiftUpdateCheck = 0900;
				LastUpgradeCheck = 0900;
				ORGANIZATIONNAME = "Huiyuan Ren";
				TargetAttributes = {
					B35678FF1F3B8530005B14C0 = {
						CreatedOnToolsVersion = 9.0;
					};
				};
			};
			buildConfigurationList = B35678FB1F3B8530005B14C0 /* Build configuration list for PBXProject "SamsClub" */;
			compatibilityVersion = "Xcode 8.0";
			developmentRegion = en;
			hasScannedForEncodings = 0;
			knownRegions = (
				en,
				Base,
			);
			mainGroup = B35678F71F3B8530005B14C0;
			productRefGroup = B35679011F3B8530005B14C0 /* Products */;
			projectDirPath = "";
			projectRoot = "";
			targets = (
				B35678FF1F3B8530005B14C0 /* SamsClub */,
			);
		};
/* End PBXProject section */

/* Begin PBXResourcesBuildPhase section */
		B35678FE1F3B8530005B14C0 /* Resources */ = {
			isa = PBXResourcesBuildPhase;
			buildActionMask = 2147483647;
			files = (
				B3EDC9191F3C1A1A0044E8E7 /* ProductDetailDescriptionCell.xib in Resources */,
				B3EDC9141F3C18EA0044E8E7 /* ProductDetailPriceCell.xib in Resources */,
				B3EDC91E1F3C344A0044E8E7 /* ProductDetailImageCell.xib in Resources */,
				B3EDC8EB1F3BA0A00044E8E7 /* Launch Screen.storyboard in Resources */,
				B3EDC90F1F3C11E50044E8E7 /* ProductDetialTitleCell.xib in Resources */,
				B356790B1F3B8530005B14C0 /* Assets.xcassets in Resources */,
				B3EDC8FA1F3BDCE50044E8E7 /* LoadingTableViewCell.xib in Resources */,
				B3EDC8E91F3BA0740044E8E7 /* ProductListTableViewCell.xib in Resources */,
			);
			runOnlyForDeploymentPostprocessing = 0;
		};
/* End PBXResourcesBuildPhase section */

/* Begin PBXSourcesBuildPhase section */
		B35678FC1F3B8530005B14C0 /* Sources */ = {
			isa = PBXSourcesBuildPhase;
			buildActionMask = 2147483647;
			files = (
				B3EDC90B1F3BFE7A0044E8E7 /* ProductDetailPageViewController.swift in Sources */,
				B3EDC8EF1F3BB2020044E8E7 /* RestClientProduct.swift in Sources */,
				B3EDC90E1F3C11E50044E8E7 /* ProductDetialTitleCell.swift in Sources */,
				B356792D1F3B9B3E005B14C0 /* DeviceInfo.swift in Sources */,
				B3EDC9131F3C18EA0044E8E7 /* ProductDetailPriceCell.swift in Sources */,
				B3EDC8E81F3BA0740044E8E7 /* ProductListTableViewCell.swift in Sources */,
				B3EDC91D1F3C344A0044E8E7 /* ProductDetailImageCell.swift in Sources */,
				B3EDC9181F3C1A1A0044E8E7 /* ProductDetailDescriptionCell.swift in Sources */,
				B3EDC8F91F3BDCE50044E8E7 /* LoadingTableViewCell.swift in Sources */,
				B35679211F3B8E78005B14C0 /* ProductItem.swift in Sources */,
				B356792F1F3B9C4A005B14C0 /* AutoLayoutService.swift in Sources */,
				B35679041F3B8530005B14C0 /* AppDelegate.swift in Sources */,
				B3EDC8F31F3BC6800044E8E7 /* ImageService.swift in Sources */,
				B356792B1F3B9A2B005B14C0 /* RatingView.swift in Sources */,
				B35679181F3B862F005B14C0 /* ProductListTableViewController.swift in Sources */,
				B3EDC8F11F3BB2320044E8E7 /* Constant.swift in Sources */,
				B356791F1F3B8B58005B14C0 /* UIColor+CustomizeColor.swift in Sources */,
				B3EDC8FF1F3BECC30044E8E7 /* NavAnimator.swift in Sources */,
				B3EDC9081F3BF96B0044E8E7 /* ProductDetailTableViewController.swift in Sources */,
				B3EDC8ED1F3BB0A00044E8E7 /* Request.swift in Sources */,
			);
			runOnlyForDeploymentPostprocessing = 0;
		};
/* End PBXSourcesBuildPhase section */

/* Begin XCBuildConfiguration section */
		B35679101F3B8530005B14C0 /* Debug */ = {
			isa = XCBuildConfiguration;
			buildSettings = {
				ALWAYS_SEARCH_USER_PATHS = NO;
				CLANG_ANALYZER_NONNULL = YES;
				CLANG_ANALYZER_NUMBER_OBJECT_CONVERSION = YES_AGGRESSIVE;
				CLANG_CXX_LANGUAGE_STANDARD = "gnu++14";
				CLANG_CXX_LIBRARY = "libc++";
				CLANG_ENABLE_MODULES = YES;
				CLANG_ENABLE_OBJC_ARC = YES;
				CLANG_WARN_BLOCK_CAPTURE_AUTORELEASING = YES;
				CLANG_WARN_BOOL_CONVERSION = YES;
				CLANG_WARN_COMMA = YES;
				CLANG_WARN_CONSTANT_CONVERSION = YES;
				CLANG_WARN_DIRECT_OBJC_ISA_USAGE = YES_ERROR;
				CLANG_WARN_DOCUMENTATION_COMMENTS = YES;
				CLANG_WARN_EMPTY_BODY = YES;
				CLANG_WARN_ENUM_CONVERSION = YES;
				CLANG_WARN_INFINITE_RECURSION = YES;
				CLANG_WARN_INT_CONVERSION = YES;
				CLANG_WARN_NON_LITERAL_NULL_CONVERSION = YES;
				CLANG_WARN_OBJC_LITERAL_CONVERSION = YES;
				CLANG_WARN_OBJC_ROOT_CLASS = YES_ERROR;
				CLANG_WARN_RANGE_LOOP_ANALYSIS = YES;
				CLANG_WARN_STRICT_PROTOTYPES = YES;
				CLANG_WARN_SUSPICIOUS_MOVE = YES;
				CLANG_WARN_UNGUARDED_AVAILABILITY = YES_AGGRESSIVE;
				CLANG_WARN_UNREACHABLE_CODE = YES;
				CLANG_WARN__DUPLICATE_METHOD_MATCH = YES;
				CODE_SIGN_IDENTITY = "iPhone Developer";
				COPY_PHASE_STRIP = NO;
				DEBUG_INFORMATION_FORMAT = dwarf;
				ENABLE_STRICT_OBJC_MSGSEND = YES;
				ENABLE_TESTABILITY = YES;
				GCC_C_LANGUAGE_STANDARD = gnu11;
				GCC_DYNAMIC_NO_PIC = NO;
				GCC_NO_COMMON_BLOCKS = YES;
				GCC_OPTIMIZATION_LEVEL = 0;
				GCC_PREPROCESSOR_DEFINITIONS = (
					"DEBUG=1",
					"$(inherited)",
				);
				GCC_WARN_64_TO_32_BIT_CONVERSION = YES;
				GCC_WARN_ABOUT_RETURN_TYPE = YES_ERROR;
				GCC_WARN_UNDECLARED_SELECTOR = YES;
				GCC_WARN_UNINITIALIZED_AUTOS = YES_AGGRESSIVE;
				GCC_WARN_UNUSED_FUNCTION = YES;
				GCC_WARN_UNUSED_VARIABLE = YES;
				IPHONEOS_DEPLOYMENT_TARGET = 11.0;
				MTL_ENABLE_DEBUG_INFO = YES;
				ONLY_ACTIVE_ARCH = YES;
				SDKROOT = iphoneos;
				SWIFT_ACTIVE_COMPILATION_CONDITIONS = DEBUG;
				SWIFT_OPTIMIZATION_LEVEL = "-Onone";
			};
			name = Debug;
		};
		B35679111F3B8530005B14C0 /* Release */ = {
			isa = XCBuildConfiguration;
			buildSettings = {
				ALWAYS_SEARCH_USER_PATHS = NO;
				CLANG_ANALYZER_NONNULL = YES;
				CLANG_ANALYZER_NUMBER_OBJECT_CONVERSION = YES_AGGRESSIVE;
				CLANG_CXX_LANGUAGE_STANDARD = "gnu++14";
				CLANG_CXX_LIBRARY = "libc++";
				CLANG_ENABLE_MODULES = YES;
				CLANG_ENABLE_OBJC_ARC = YES;
				CLANG_WARN_BLOCK_CAPTURE_AUTORELEASING = YES;
				CLANG_WARN_BOOL_CONVERSION = YES;
				CLANG_WARN_COMMA = YES;
				CLANG_WARN_CONSTANT_CONVERSION = YES;
				CLANG_WARN_DIRECT_OBJC_ISA_USAGE = YES_ERROR;
				CLANG_WARN_DOCUMENTATION_COMMENTS = YES;
				CLANG_WARN_EMPTY_BODY = YES;
				CLANG_WARN_ENUM_CONVERSION = YES;
				CLANG_WARN_INFINITE_RECURSION = YES;
				CLANG_WARN_INT_CONVERSION = YES;
				CLANG_WARN_NON_LITERAL_NULL_CONVERSION = YES;
				CLANG_WARN_OBJC_LITERAL_CONVERSION = YES;
				CLANG_WARN_OBJC_ROOT_CLASS = YES_ERROR;
				CLANG_WARN_RANGE_LOOP_ANALYSIS = YES;
				CLANG_WARN_STRICT_PROTOTYPES = YES;
				CLANG_WARN_SUSPICIOUS_MOVE = YES;
				CLANG_WARN_UNGUARDED_AVAILABILITY = YES_AGGRESSIVE;
				CLANG_WARN_UNREACHABLE_CODE = YES;
				CLANG_WARN__DUPLICATE_METHOD_MATCH = YES;
				CODE_SIGN_IDENTITY = "iPhone Developer";
				COPY_PHASE_STRIP = NO;
				DEBUG_INFORMATION_FORMAT = "dwarf-with-dsym";
				ENABLE_NS_ASSERTIONS = NO;
				ENABLE_STRICT_OBJC_MSGSEND = YES;
				GCC_C_LANGUAGE_STANDARD = gnu11;
				GCC_NO_COMMON_BLOCKS = YES;
				GCC_WARN_64_TO_32_BIT_CONVERSION = YES;
				GCC_WARN_ABOUT_RETURN_TYPE = YES_ERROR;
				GCC_WARN_UNDECLARED_SELECTOR = YES;
				GCC_WARN_UNINITIALIZED_AUTOS = YES_AGGRESSIVE;
				GCC_WARN_UNUSED_FUNCTION = YES;
				GCC_WARN_UNUSED_VARIABLE = YES;
				IPHONEOS_DEPLOYMENT_TARGET = 11.0;
				MTL_ENABLE_DEBUG_INFO = NO;
				SDKROOT = iphoneos;
				SWIFT_OPTIMIZATION_LEVEL = "-Owholemodule";
				VALIDATE_PRODUCT = YES;
			};
			name = Release;
		};
		B35679131F3B8530005B14C0 /* Debug */ = {
			isa = XCBuildConfiguration;
			buildSettings = {
				ASSETCATALOG_COMPILER_APPICON_NAME = AppIcon;
				DEVELOPMENT_TEAM = 5AR3VST9S9;
				INFOPLIST_FILE = SamsClub/Info.plist;
				IPHONEOS_DEPLOYMENT_TARGET = 9.0;
				LD_RUNPATH_SEARCH_PATHS = "$(inherited) @executable_path/Frameworks";
				PRODUCT_BUNDLE_IDENTIFIER = ren.SamsClub;
				PRODUCT_NAME = "$(TARGET_NAME)";
				SWIFT_VERSION = 3.0;
				TARGETED_DEVICE_FAMILY = "1,2";
			};
			name = Debug;
		};
		B35679141F3B8530005B14C0 /* Release */ = {
			isa = XCBuildConfiguration;
			buildSettings = {
				ASSETCATALOG_COMPILER_APPICON_NAME = AppIcon;
				DEVELOPMENT_TEAM = 5AR3VST9S9;
				INFOPLIST_FILE = SamsClub/Info.plist;
				IPHONEOS_DEPLOYMENT_TARGET = 9.0;
				LD_RUNPATH_SEARCH_PATHS = "$(inherited) @executable_path/Frameworks";
				PRODUCT_BUNDLE_IDENTIFIER = ren.SamsClub;
				PRODUCT_NAME = "$(TARGET_NAME)";
				SWIFT_VERSION = 3.0;
				TARGETED_DEVICE_FAMILY = "1,2";
			};
			name = Release;
		};
/* End XCBuildConfiguration section */

/* Begin XCConfigurationList section */
		B35678FB1F3B8530005B14C0 /* Build configuration list for PBXProject "SamsClub" */ = {
			isa = XCConfigurationList;
			buildConfigurations = (
				B35679101F3B8530005B14C0 /* Debug */,
				B35679111F3B8530005B14C0 /* Release */,
			);
			defaultConfigurationIsVisible = 0;
			defaultConfigurationName = Release;
		};
		B35679121F3B8530005B14C0 /* Build configuration list for PBXNativeTarget "SamsClub" */ = {
			isa = XCConfigurationList;
			buildConfigurations = (
				B35679131F3B8530005B14C0 /* Debug */,
				B35679141F3B8530005B14C0 /* Release */,
			);
			defaultConfigurationIsVisible = 0;
			defaultConfigurationName = Release;
		};
/* End XCConfigurationList section */
	};
	rootObject = B35678F81F3B8530005B14C0 /* Project object */;
}
